# This file is automatically @generated by Poetry 1.8.3 and should not be changed by hand.

[[package]]
name = "asttokens"
version = "2.4.1"
description = "Annotate AST trees with source code positions"
optional = false
python-versions = "*"
files = [
    {file = "asttokens-2.4.1-py2.py3-none-any.whl", hash = "sha256:051ed49c3dcae8913ea7cd08e46a606dba30b79993209636c4875bc1d637bc24"},
    {file = "asttokens-2.4.1.tar.gz", hash = "sha256:b03869718ba9a6eb027e134bfdf69f38a236d681c83c160d510768af11254ba0"},
]

[package.dependencies]
six = ">=1.12.0"

[package.extras]
astroid = ["astroid (>=1,<2)", "astroid (>=2,<4)"]
test = ["astroid (>=1,<2)", "astroid (>=2,<4)", "pytest"]

[[package]]
name = "cachetools"
version = "5.5.0"
description = "Extensible memoizing collections and decorators"
optional = false
python-versions = ">=3.7"
files = [
    {file = "cachetools-5.5.0-py3-none-any.whl", hash = "sha256:02134e8439cdc2ffb62023ce1debca2944c3f289d66bb17ead3ab3dede74b292"},
    {file = "cachetools-5.5.0.tar.gz", hash = "sha256:2cc24fb4cbe39633fb7badd9db9ca6295d766d9c2995f245725a46715d050f2a"},
]

[[package]]
name = "chardet"
version = "5.2.0"
description = "Universal encoding detector for Python 3"
optional = false
python-versions = ">=3.7"
files = [
    {file = "chardet-5.2.0-py3-none-any.whl", hash = "sha256:e1cf59446890a00105fe7b7912492ea04b6e6f06d4b742b2c788469e34c82970"},
    {file = "chardet-5.2.0.tar.gz", hash = "sha256:1b3b6ff479a8c414bc3fa2c0852995695c4a026dcd6d0633b2dd092ca39c1cf7"},
]

[[package]]
name = "colorama"
version = "0.4.6"
description = "Cross-platform colored terminal text."
optional = false
python-versions = "!=3.0.*,!=3.1.*,!=3.2.*,!=3.3.*,!=3.4.*,!=3.5.*,!=3.6.*,>=2.7"
files = [
    {file = "colorama-0.4.6-py2.py3-none-any.whl", hash = "sha256:4f1d9991f5acc0ca119f9d443620b77f9d6b33703e51011c16baf57afb285fc6"},
    {file = "colorama-0.4.6.tar.gz", hash = "sha256:08695f5cb7ed6e0531a20572697297273c47b8cae5a63ffc6d6ed5c201be6e44"},
]

[[package]]
name = "decorator"
version = "5.1.1"
description = "Decorators for Humans"
optional = false
python-versions = ">=3.5"
files = [
    {file = "decorator-5.1.1-py3-none-any.whl", hash = "sha256:b8c3f85900b9dc423225913c5aace94729fe1fa9763b38939a95226f02d37186"},
    {file = "decorator-5.1.1.tar.gz", hash = "sha256:637996211036b6385ef91435e4fae22989472f9d571faba8927ba8253acbc330"},
]

[[package]]
name = "distlib"
version = "0.3.8"
description = "Distribution utilities"
optional = false
python-versions = "*"
files = [
    {file = "distlib-0.3.8-py2.py3-none-any.whl", hash = "sha256:034db59a0b96f8ca18035f36290806a9a6e6bd9d1ff91e45a7f172eb17e51784"},
    {file = "distlib-0.3.8.tar.gz", hash = "sha256:1530ea13e350031b6312d8580ddb6b27a104275a31106523b8f123787f494f64"},
]

[[package]]
name = "executing"
version = "2.1.0"
description = "Get the currently executing AST node of a frame, and other information"
optional = false
python-versions = ">=3.8"
files = [
    {file = "executing-2.1.0-py2.py3-none-any.whl", hash = "sha256:8d63781349375b5ebccc3142f4b30350c0cd9c79f921cde38be2be4637e98eaf"},
    {file = "executing-2.1.0.tar.gz", hash = "sha256:8ea27ddd260da8150fa5a708269c4a10e76161e2496ec3e587da9e3c0fe4b9ab"},
]

[package.extras]
tests = ["asttokens (>=2.1.0)", "coverage", "coverage-enable-subprocess", "ipython", "littleutils", "pytest", "rich"]

[[package]]
name = "filelock"
version = "3.16.1"
description = "A platform independent file lock."
optional = false
python-versions = ">=3.8"
files = [
    {file = "filelock-3.16.1-py3-none-any.whl", hash = "sha256:2082e5703d51fbf98ea75855d9d5527e33d8ff23099bec374a134febee6946b0"},
    {file = "filelock-3.16.1.tar.gz", hash = "sha256:c249fbfcd5db47e5e2d6d62198e565475ee65e4831e2561c8e313fa7eb961435"},
]

[package.extras]
docs = ["furo (>=2024.8.6)", "sphinx (>=8.0.2)", "sphinx-autodoc-typehints (>=2.4.1)"]
testing = ["covdefaults (>=2.3)", "coverage (>=7.6.1)", "diff-cover (>=9.2)", "pytest (>=8.3.3)", "pytest-asyncio (>=0.24)", "pytest-cov (>=5)", "pytest-mock (>=3.14)", "pytest-timeout (>=2.3.1)", "virtualenv (>=20.26.4)"]
typing = ["typing-extensions (>=4.12.2)"]

[[package]]
name = "iniconfig"
version = "2.0.0"
description = "brain-dead simple config-ini parsing"
optional = false
python-versions = ">=3.7"
files = [
    {file = "iniconfig-2.0.0-py3-none-any.whl", hash = "sha256:b6a85871a79d2e3b22d2d1b94ac2824226a63c6b741c88f7ae975f18b6778374"},
    {file = "iniconfig-2.0.0.tar.gz", hash = "sha256:2d91e135bf72d31a410b17c16da610a82cb55f6b0477d1a902134b24a455b8b3"},
]

[[package]]
name = "ipython"
version = "8.27.0"
description = "IPython: Productive Interactive Computing"
optional = false
python-versions = ">=3.10"
files = [
    {file = "ipython-8.27.0-py3-none-any.whl", hash = "sha256:f68b3cb8bde357a5d7adc9598d57e22a45dfbea19eb6b98286fa3b288c9cd55c"},
    {file = "ipython-8.27.0.tar.gz", hash = "sha256:0b99a2dc9f15fd68692e898e5568725c6d49c527d36a9fb5960ffbdeaa82ff7e"},
]

[package.dependencies]
colorama = {version = "*", markers = "sys_platform == \"win32\""}
decorator = "*"
jedi = ">=0.16"
matplotlib-inline = "*"
pexpect = {version = ">4.3", markers = "sys_platform != \"win32\" and sys_platform != \"emscripten\""}
prompt-toolkit = ">=3.0.41,<3.1.0"
pygments = ">=2.4.0"
stack-data = "*"
traitlets = ">=5.13.0"
typing-extensions = {version = ">=4.6", markers = "python_version < \"3.12\""}

[package.extras]
all = ["ipython[black,doc,kernel,matplotlib,nbconvert,nbformat,notebook,parallel,qtconsole]", "ipython[test,test-extra]"]
black = ["black"]
doc = ["docrepr", "exceptiongroup", "intersphinx-registry", "ipykernel", "ipython[test]", "matplotlib", "setuptools (>=18.5)", "sphinx (>=1.3)", "sphinx-rtd-theme", "sphinxcontrib-jquery", "tomli", "typing-extensions"]
kernel = ["ipykernel"]
matplotlib = ["matplotlib"]
nbconvert = ["nbconvert"]
nbformat = ["nbformat"]
notebook = ["ipywidgets", "notebook"]
parallel = ["ipyparallel"]
qtconsole = ["qtconsole"]
test = ["packaging", "pickleshare", "pytest", "pytest-asyncio (<0.22)", "testpath"]
test-extra = ["curio", "ipython[test]", "matplotlib (!=3.2.0)", "nbformat", "numpy (>=1.23)", "pandas", "trio"]

[[package]]
name = "jedi"
version = "0.19.1"
description = "An autocompletion tool for Python that can be used for text editors."
optional = false
python-versions = ">=3.6"
files = [
    {file = "jedi-0.19.1-py2.py3-none-any.whl", hash = "sha256:e983c654fe5c02867aef4cdfce5a2fbb4a50adc0af145f70504238f18ef5e7e0"},
    {file = "jedi-0.19.1.tar.gz", hash = "sha256:cf0496f3651bc65d7174ac1b7d043eff454892c708a87d1b683e57b569927ffd"},
]

[package.dependencies]
parso = ">=0.8.3,<0.9.0"

[package.extras]
docs = ["Jinja2 (==2.11.3)", "MarkupSafe (==1.1.1)", "Pygments (==2.8.1)", "alabaster (==0.7.12)", "babel (==2.9.1)", "chardet (==4.0.0)", "commonmark (==0.8.1)", "docutils (==0.17.1)", "future (==0.18.2)", "idna (==2.10)", "imagesize (==1.2.0)", "mock (==1.0.1)", "packaging (==20.9)", "pyparsing (==2.4.7)", "pytz (==2021.1)", "readthedocs-sphinx-ext (==2.1.4)", "recommonmark (==0.5.0)", "requests (==2.25.1)", "six (==1.15.0)", "snowballstemmer (==2.1.0)", "sphinx (==1.8.5)", "sphinx-rtd-theme (==0.4.3)", "sphinxcontrib-serializinghtml (==1.1.4)", "sphinxcontrib-websupport (==1.2.4)", "urllib3 (==1.26.4)"]
qa = ["flake8 (==5.0.4)", "mypy (==0.971)", "types-setuptools (==67.2.0.1)"]
testing = ["Django", "attrs", "colorama", "docopt", "pytest (<7.0.0)"]

[[package]]
name = "matplotlib-inline"
version = "0.1.7"
description = "Inline Matplotlib backend for Jupyter"
optional = false
python-versions = ">=3.8"
files = [
    {file = "matplotlib_inline-0.1.7-py3-none-any.whl", hash = "sha256:df192d39a4ff8f21b1895d72e6a13f5fcc5099f00fa84384e0ea28c2cc0653ca"},
    {file = "matplotlib_inline-0.1.7.tar.gz", hash = "sha256:8423b23ec666be3d16e16b60bdd8ac4e86e840ebd1dd11a30b9f117f2fa0ab90"},
]

[package.dependencies]
traitlets = "*"

[[package]]
name = "nodeenv"
version = "1.9.1"
description = "Node.js virtual environment builder"
optional = false
python-versions = "!=3.0.*,!=3.1.*,!=3.2.*,!=3.3.*,!=3.4.*,!=3.5.*,!=3.6.*,>=2.7"
files = [
    {file = "nodeenv-1.9.1-py2.py3-none-any.whl", hash = "sha256:ba11c9782d29c27c70ffbdda2d7415098754709be8a7056d79a737cd901155c9"},
    {file = "nodeenv-1.9.1.tar.gz", hash = "sha256:6ec12890a2dab7946721edbfbcd91f3319c6ccc9aec47be7c7e6b7011ee6645f"},
]

[[package]]
name = "packaging"
version = "24.1"
description = "Core utilities for Python packages"
optional = false
python-versions = ">=3.8"
files = [
    {file = "packaging-24.1-py3-none-any.whl", hash = "sha256:5b8f2217dbdbd2f7f384c41c628544e6d52f2d0f53c6d0c3ea61aa5d1d7ff124"},
    {file = "packaging-24.1.tar.gz", hash = "sha256:026ed72c8ed3fcce5bf8950572258698927fd1dbda10a5e981cdf0ac37f4f002"},
]

[[package]]
name = "parso"
version = "0.8.4"
description = "A Python Parser"
optional = false
python-versions = ">=3.6"
files = [
    {file = "parso-0.8.4-py2.py3-none-any.whl", hash = "sha256:a418670a20291dacd2dddc80c377c5c3791378ee1e8d12bffc35420643d43f18"},
    {file = "parso-0.8.4.tar.gz", hash = "sha256:eb3a7b58240fb99099a345571deecc0f9540ea5f4dd2fe14c2a99d6b281ab92d"},
]

[package.extras]
qa = ["flake8 (==5.0.4)", "mypy (==0.971)", "types-setuptools (==67.2.0.1)"]
testing = ["docopt", "pytest"]

[[package]]
name = "pexpect"
version = "4.9.0"
description = "Pexpect allows easy control of interactive console applications."
optional = false
python-versions = "*"
files = [
    {file = "pexpect-4.9.0-py2.py3-none-any.whl", hash = "sha256:7236d1e080e4936be2dc3e326cec0af72acf9212a7e1d060210e70a47e253523"},
    {file = "pexpect-4.9.0.tar.gz", hash = "sha256:ee7d41123f3c9911050ea2c2dac107568dc43b2d3b0c7557a33212c398ead30f"},
]

[package.dependencies]
ptyprocess = ">=0.5"

[[package]]
name = "platformdirs"
version = "4.3.6"
description = "A small Python package for determining appropriate platform-specific dirs, e.g. a `user data dir`."
optional = false
python-versions = ">=3.8"
files = [
    {file = "platformdirs-4.3.6-py3-none-any.whl", hash = "sha256:73e575e1408ab8103900836b97580d5307456908a03e92031bab39e4554cc3fb"},
    {file = "platformdirs-4.3.6.tar.gz", hash = "sha256:357fb2acbc885b0419afd3ce3ed34564c13c9b95c89360cd9563f73aa5e2b907"},
]

[package.extras]
docs = ["furo (>=2024.8.6)", "proselint (>=0.14)", "sphinx (>=8.0.2)", "sphinx-autodoc-typehints (>=2.4)"]
test = ["appdirs (==1.4.4)", "covdefaults (>=2.3)", "pytest (>=8.3.2)", "pytest-cov (>=5)", "pytest-mock (>=3.14)"]
type = ["mypy (>=1.11.2)"]

[[package]]
name = "pluggy"
version = "1.5.0"
description = "plugin and hook calling mechanisms for python"
optional = false
python-versions = ">=3.8"
files = [
    {file = "pluggy-1.5.0-py3-none-any.whl", hash = "sha256:44e1ad92c8ca002de6377e165f3e0f1be63266ab4d554740532335b9d75ea669"},
    {file = "pluggy-1.5.0.tar.gz", hash = "sha256:2cffa88e94fdc978c4c574f15f9e59b7f4201d439195c3715ca9e2486f1d0cf1"},
]

[package.extras]
dev = ["pre-commit", "tox"]
testing = ["pytest", "pytest-benchmark"]

[[package]]
name = "prompt-toolkit"
version = "3.0.47"
description = "Library for building powerful interactive command lines in Python"
optional = false
python-versions = ">=3.7.0"
files = [
    {file = "prompt_toolkit-3.0.47-py3-none-any.whl", hash = "sha256:0d7bfa67001d5e39d02c224b663abc33687405033a8c422d0d675a5a13361d10"},
    {file = "prompt_toolkit-3.0.47.tar.gz", hash = "sha256:1e1b29cb58080b1e69f207c893a1a7bf16d127a5c30c9d17a25a5d77792e5360"},
]

[package.dependencies]
wcwidth = "*"

[[package]]
name = "ptyprocess"
version = "0.7.0"
description = "Run a subprocess in a pseudo terminal"
optional = false
python-versions = "*"
files = [
    {file = "ptyprocess-0.7.0-py2.py3-none-any.whl", hash = "sha256:4b41f3967fce3af57cc7e94b888626c18bf37a083e3651ca8feeb66d492fef35"},
    {file = "ptyprocess-0.7.0.tar.gz", hash = "sha256:5c5d0a3b48ceee0b48485e0c26037c0acd7d29765ca3fbb5cb3831d347423220"},
]

[[package]]
name = "pure-eval"
version = "0.2.3"
description = "Safely evaluate AST nodes without side effects"
optional = false
python-versions = "*"
files = [
    {file = "pure_eval-0.2.3-py3-none-any.whl", hash = "sha256:1db8e35b67b3d218d818ae653e27f06c3aa420901fa7b081ca98cbedc874e0d0"},
    {file = "pure_eval-0.2.3.tar.gz", hash = "sha256:5f4e983f40564c576c7c8635ae88db5956bb2229d7e9237d03b3c0b0190eaf42"},
]

[package.extras]
tests = ["pytest"]

[[package]]
name = "pygments"
version = "2.18.0"
description = "Pygments is a syntax highlighting package written in Python."
optional = false
python-versions = ">=3.8"
files = [
    {file = "pygments-2.18.0-py3-none-any.whl", hash = "sha256:b8e6aca0523f3ab76fee51799c488e38782ac06eafcf95e7ba832985c8e7b13a"},
    {file = "pygments-2.18.0.tar.gz", hash = "sha256:786ff802f32e91311bff3889f6e9a86e81505fe99f2735bb6d60ae0c5004f199"},
]

[package.extras]
windows-terminal = ["colorama (>=0.4.6)"]

[[package]]
name = "pyproject-api"
version = "1.8.0"
description = "API to interact with the python pyproject.toml based projects"
optional = false
python-versions = ">=3.8"
files = [
    {file = "pyproject_api-1.8.0-py3-none-any.whl", hash = "sha256:3d7d347a047afe796fd5d1885b1e391ba29be7169bd2f102fcd378f04273d228"},
    {file = "pyproject_api-1.8.0.tar.gz", hash = "sha256:77b8049f2feb5d33eefcc21b57f1e279636277a8ac8ad6b5871037b243778496"},
]

[package.dependencies]
packaging = ">=24.1"

[package.extras]
docs = ["furo (>=2024.8.6)", "sphinx-autodoc-typehints (>=2.4.1)"]
testing = ["covdefaults (>=2.3)", "pytest (>=8.3.3)", "pytest-cov (>=5)", "pytest-mock (>=3.14)", "setuptools (>=75.1)"]

[[package]]
name = "pyright"
version = "1.1.381"
description = "Command line wrapper for pyright"
optional = false
python-versions = ">=3.7"
files = [
    {file = "pyright-1.1.381-py3-none-any.whl", hash = "sha256:5dc0aa80a265675d36abab59c674ae01dbe476714f91845b61b841d34aa99081"},
    {file = "pyright-1.1.381.tar.gz", hash = "sha256:314cf0c1351c189524fb10c7ac20688ecd470e8cc505c394d642c9c80bf7c3a5"},
]

[package.dependencies]
nodeenv = ">=1.6.0"

[package.extras]
all = ["twine (>=3.4.1)"]
dev = ["twine (>=3.4.1)"]

[[package]]
name = "pytest"
version = "8.3.3"
description = "pytest: simple powerful testing with Python"
optional = false
python-versions = ">=3.8"
files = [
    {file = "pytest-8.3.3-py3-none-any.whl", hash = "sha256:a6853c7375b2663155079443d2e45de913a911a11d669df02a50814944db57b2"},
    {file = "pytest-8.3.3.tar.gz", hash = "sha256:70b98107bd648308a7952b06e6ca9a50bc660be218d53c257cc1fc94fda10181"},
]

[package.dependencies]
colorama = {version = "*", markers = "sys_platform == \"win32\""}
iniconfig = "*"
packaging = "*"
pluggy = ">=1.5,<2"

[package.extras]
dev = ["argcomplete", "attrs (>=19.2)", "hypothesis (>=3.56)", "mock", "pygments (>=2.7.2)", "requests", "setuptools", "xmlschema"]

[[package]]
name = "pytest-timeout"
version = "2.3.1"
description = "pytest plugin to abort hanging tests"
optional = false
python-versions = ">=3.7"
files = [
    {file = "pytest-timeout-2.3.1.tar.gz", hash = "sha256:12397729125c6ecbdaca01035b9e5239d4db97352320af155b3f5de1ba5165d9"},
    {file = "pytest_timeout-2.3.1-py3-none-any.whl", hash = "sha256:68188cb703edfc6a18fad98dc25a3c61e9f24d644b0b70f33af545219fc7813e"},
]

[package.dependencies]
pytest = ">=7.0.0"

[[package]]
name = "python-dateutil"
version = "2.9.0.post0"
description = "Extensions to the standard Python datetime module"
optional = false
python-versions = "!=3.0.*,!=3.1.*,!=3.2.*,>=2.7"
files = [
    {file = "python-dateutil-2.9.0.post0.tar.gz", hash = "sha256:37dd54208da7e1cd875388217d5e00ebd4179249f90fb72437e91a35459a0ad3"},
    {file = "python_dateutil-2.9.0.post0-py2.py3-none-any.whl", hash = "sha256:a8b2bc7bffae282281c8140a97d3aa9c14da0b136dfe83f850eea9a5f7470427"},
]

[package.dependencies]
six = ">=1.5"

[[package]]
name = "ruff"
version = "0.6.7"
description = "An extremely fast Python linter and code formatter, written in Rust."
optional = false
python-versions = ">=3.7"
files = [
    {file = "ruff-0.6.7-py3-none-linux_armv6l.whl", hash = "sha256:08277b217534bfdcc2e1377f7f933e1c7957453e8a79764d004e44c40db923f2"},
    {file = "ruff-0.6.7-py3-none-macosx_10_12_x86_64.whl", hash = "sha256:c6707a32e03b791f4448dc0dce24b636cbcdee4dd5607adc24e5ee73fd86c00a"},
    {file = "ruff-0.6.7-py3-none-macosx_11_0_arm64.whl", hash = "sha256:533d66b7774ef224e7cf91506a7dafcc9e8ec7c059263ec46629e54e7b1f90ab"},
    {file = "ruff-0.6.7-py3-none-manylinux_2_17_aarch64.manylinux2014_aarch64.whl", hash = "sha256:17a86aac6f915932d259f7bec79173e356165518859f94649d8c50b81ff087e9"},
    {file = "ruff-0.6.7-py3-none-manylinux_2_17_armv7l.manylinux2014_armv7l.whl", hash = "sha256:b3f8822defd260ae2460ea3832b24d37d203c3577f48b055590a426a722d50ef"},
    {file = "ruff-0.6.7-py3-none-manylinux_2_17_i686.manylinux2014_i686.whl", hash = "sha256:9ba4efe5c6dbbb58be58dd83feedb83b5e95c00091bf09987b4baf510fee5c99"},
    {file = "ruff-0.6.7-py3-none-manylinux_2_17_ppc64.manylinux2014_ppc64.whl", hash = "sha256:525201b77f94d2b54868f0cbe5edc018e64c22563da6c5c2e5c107a4e85c1c0d"},
    {file = "ruff-0.6.7-py3-none-manylinux_2_17_ppc64le.manylinux2014_ppc64le.whl", hash = "sha256:8854450839f339e1049fdbe15d875384242b8e85d5c6947bb2faad33c651020b"},
    {file = "ruff-0.6.7-py3-none-manylinux_2_17_s390x.manylinux2014_s390x.whl", hash = "sha256:2f0b62056246234d59cbf2ea66e84812dc9ec4540518e37553513392c171cb18"},
    {file = "ruff-0.6.7-py3-none-manylinux_2_17_x86_64.manylinux2014_x86_64.whl", hash = "sha256:6b1462fa56c832dc0cea5b4041cfc9c97813505d11cce74ebc6d1aae068de36b"},
    {file = "ruff-0.6.7-py3-none-musllinux_1_2_aarch64.whl", hash = "sha256:02b083770e4cdb1495ed313f5694c62808e71764ec6ee5db84eedd82fd32d8f5"},
    {file = "ruff-0.6.7-py3-none-musllinux_1_2_armv7l.whl", hash = "sha256:0c05fd37013de36dfa883a3854fae57b3113aaa8abf5dea79202675991d48624"},
    {file = "ruff-0.6.7-py3-none-musllinux_1_2_i686.whl", hash = "sha256:f49c9caa28d9bbfac4a637ae10327b3db00f47d038f3fbb2195c4d682e925b14"},
    {file = "ruff-0.6.7-py3-none-musllinux_1_2_x86_64.whl", hash = "sha256:a0e1655868164e114ba43a908fd2d64a271a23660195017c17691fb6355d59bb"},
    {file = "ruff-0.6.7-py3-none-win32.whl", hash = "sha256:a939ca435b49f6966a7dd64b765c9df16f1faed0ca3b6f16acdf7731969deb35"},
    {file = "ruff-0.6.7-py3-none-win_amd64.whl", hash = "sha256:590445eec5653f36248584579c06252ad2e110a5d1f32db5420de35fb0e1c977"},
    {file = "ruff-0.6.7-py3-none-win_arm64.whl", hash = "sha256:b28f0d5e2f771c1fe3c7a45d3f53916fc74a480698c4b5731f0bea61e52137c8"},
    {file = "ruff-0.6.7.tar.gz", hash = "sha256:44e52129d82266fa59b587e2cd74def5637b730a69c4542525dfdecfaae38bd5"},
]

[[package]]
name = "six"
version = "1.16.0"
description = "Python 2 and 3 compatibility utilities"
optional = false
python-versions = ">=2.7, !=3.0.*, !=3.1.*, !=3.2.*"
files = [
    {file = "six-1.16.0-py2.py3-none-any.whl", hash = "sha256:8abb2f1d86890a2dfb989f9a77cfcfd3e47c2a354b01111771326f8aa26e0254"},
    {file = "six-1.16.0.tar.gz", hash = "sha256:1e61c37477a1626458e36f7b1d82aa5c9b094fa4802892072e49de9c60c4c926"},
]

[[package]]
name = "stack-data"
version = "0.6.3"
description = "Extract data from python stack frames and tracebacks for informative displays"
optional = false
python-versions = "*"
files = [
    {file = "stack_data-0.6.3-py3-none-any.whl", hash = "sha256:d5558e0c25a4cb0853cddad3d77da9891a08cb85dd9f9f91b9f8cd66e511e695"},
    {file = "stack_data-0.6.3.tar.gz", hash = "sha256:836a778de4fec4dcd1dcd89ed8abff8a221f58308462e1c4aa2a3cf30148f0b9"},
]

[package.dependencies]
asttokens = ">=2.1.0"
executing = ">=1.2.0"
pure-eval = "*"

[package.extras]
tests = ["cython", "littleutils", "pygments", "pytest", "typeguard"]

[[package]]
name = "time-machine"
version = "2.15.0"
description = "Travel through time in your tests."
optional = false
python-versions = ">=3.8"
files = [
    {file = "time_machine-2.15.0-cp310-cp310-macosx_10_9_universal2.whl", hash = "sha256:892d016789b59950989b2db188dcd46cf16d34e8daf2343e33b679b0c5fd1001"},
    {file = "time_machine-2.15.0-cp310-cp310-macosx_10_9_x86_64.whl", hash = "sha256:4428bdae507996aa3fdeb4727bca09e26306fa64a502e7335207252684516cbf"},
    {file = "time_machine-2.15.0-cp310-cp310-manylinux_2_17_aarch64.manylinux2014_aarch64.whl", hash = "sha256:0302568338c8bd333ed0698231dbb781b70ead1a5579b4ac734b9bf88313229f"},
    {file = "time_machine-2.15.0-cp310-cp310-manylinux_2_5_i686.manylinux1_i686.manylinux_2_17_i686.manylinux2014_i686.whl", hash = "sha256:18fc4740073e67071472c48355775ec6d1b93af5c675524b7de2474e0dcd8741"},
    {file = "time_machine-2.15.0-cp310-cp310-manylinux_2_5_x86_64.manylinux1_x86_64.manylinux_2_17_x86_64.manylinux2014_x86_64.whl", hash = "sha256:768d33b484a35da93731cc99bdc926b539240a78673216cdc6306833d9072350"},
    {file = "time_machine-2.15.0-cp310-cp310-musllinux_1_2_aarch64.whl", hash = "sha256:73a8c8160d2a170dadcad5b82fb5ee53236a19cec0996651cf4d21da0a2574d5"},
    {file = "time_machine-2.15.0-cp310-cp310-musllinux_1_2_i686.whl", hash = "sha256:09fd839a321a92aa8183206c383b9725eaf4e0a28a70e4cb87db292b352eeefb"},
    {file = "time_machine-2.15.0-cp310-cp310-musllinux_1_2_x86_64.whl", hash = "sha256:838a6d117739f1ae6ecc45ec630fa694f41a85c0d07b1f3b1db2a6cc52c1808b"},
    {file = "time_machine-2.15.0-cp310-cp310-win32.whl", hash = "sha256:d24d2ec74923b49bce7618e3e7762baa6be74e624d9829d5632321de102bf386"},
    {file = "time_machine-2.15.0-cp310-cp310-win_amd64.whl", hash = "sha256:95c8e7036cf442480d0bf6f5fde371e1eb6dbbf5391d7bdb8db73bd8a732b538"},
    {file = "time_machine-2.15.0-cp310-cp310-win_arm64.whl", hash = "sha256:660810cd27a8a94cb5e845e8f28a95e70b01ff0c45466d394c4a0cba5a0ae279"},
    {file = "time_machine-2.15.0-cp311-cp311-macosx_10_9_universal2.whl", hash = "sha256:674097dd54a0bbd555e7927092c74428c4c07268ad52bca38cfccc3214707e50"},
    {file = "time_machine-2.15.0-cp311-cp311-macosx_10_9_x86_64.whl", hash = "sha256:4e83fd6112808d1d14d1a57397c6fa3bd71bb2f3b8800036e12366e3680819b9"},
    {file = "time_machine-2.15.0-cp311-cp311-manylinux_2_17_aarch64.manylinux2014_aarch64.whl", hash = "sha256:b095a1de40ca1afaeae8df3f45e26b645094a1912e6e6871e725fcf06ecdb74a"},
    {file = "time_machine-2.15.0-cp311-cp311-manylinux_2_5_i686.manylinux1_i686.manylinux_2_17_i686.manylinux2014_i686.whl", hash = "sha256:4601fe7a6b74c6fd9207e614d9db2a20dd4befd4d314677a0feac13a67189707"},
    {file = "time_machine-2.15.0-cp311-cp311-manylinux_2_5_x86_64.manylinux1_x86_64.manylinux_2_17_x86_64.manylinux2014_x86_64.whl", hash = "sha256:245ef73f9927b7d4909d554a6a0284dbc5dee9730adea599e430b37c9e9fa203"},
    {file = "time_machine-2.15.0-cp311-cp311-musllinux_1_2_aarch64.whl", hash = "sha256:704abc7f3403584cca9c01c5809812e0bd70632ea4251389fae4f45e11aad94f"},
    {file = "time_machine-2.15.0-cp311-cp311-musllinux_1_2_i686.whl", hash = "sha256:6425001e50a0c82108caed438233066cea04d42a8fc9c49bfcf081a5b96e5b4e"},
    {file = "time_machine-2.15.0-cp311-cp311-musllinux_1_2_x86_64.whl", hash = "sha256:5d4073b754f90b19f28d036ec5143d3fca3a75e4d4241d78790a6178b00bb373"},
    {file = "time_machine-2.15.0-cp311-cp311-win32.whl", hash = "sha256:8817b0f7d7830215261b18db83c9c3ef1da6bb64da5c292d7c70b9a46e5a6745"},
    {file = "time_machine-2.15.0-cp311-cp311-win_amd64.whl", hash = "sha256:ddad27a62df2ea47b7b483009fbfcf167a71d702cbd8e2eefd9ddc1c93146658"},
    {file = "time_machine-2.15.0-cp311-cp311-win_arm64.whl", hash = "sha256:6f021aa2dbd8fbfe54d3fa2258518129108b7496922b3bcff2cf5991078eec67"},
    {file = "time_machine-2.15.0-cp312-cp312-macosx_10_9_universal2.whl", hash = "sha256:a22f47c34ee1fcf7d93a8c5c93135499aac879d9d5d8f820bd28571a30fdabcd"},
    {file = "time_machine-2.15.0-cp312-cp312-macosx_10_9_x86_64.whl", hash = "sha256:b684f8ecdeacd6baabc17b15ac1b054ca62029193e6c5367ef00b3516671de80"},
    {file = "time_machine-2.15.0-cp312-cp312-macosx_11_0_arm64.whl", hash = "sha256:5f7add997684bc6141e1c80f6ba0c38ffe316ba277a4074e61b1b7b4f5a172bf"},
    {file = "time_machine-2.15.0-cp312-cp312-manylinux_2_17_aarch64.manylinux2014_aarch64.whl", hash = "sha256:31af56399bf7c9ef76a3f7b6d9471dffa8f06ee373c194a374b69523f9061de9"},
    {file = "time_machine-2.15.0-cp312-cp312-manylinux_2_5_i686.manylinux1_i686.manylinux_2_17_i686.manylinux2014_i686.whl", hash = "sha256:f5b94cba3edfc54bcb3ab5be616a2f50fa48be438e5af970824efdf882d1bc31"},
    {file = "time_machine-2.15.0-cp312-cp312-manylinux_2_5_x86_64.manylinux1_x86_64.manylinux_2_17_x86_64.manylinux2014_x86_64.whl", hash = "sha256:3862dda89bdb05f9d521b08fdcb24b19a7dd9f559ae324f4301ba7a07b6eea64"},
    {file = "time_machine-2.15.0-cp312-cp312-musllinux_1_2_aarch64.whl", hash = "sha256:e1790481a6b9ce38888f22ce30710244067898c3ac4805a0e061e381f3db3506"},
    {file = "time_machine-2.15.0-cp312-cp312-musllinux_1_2_i686.whl", hash = "sha256:a731c03bc00552ee6cc685a59616d36003124e7e04c6ddf65c2c47f1c3d85480"},
    {file = "time_machine-2.15.0-cp312-cp312-musllinux_1_2_x86_64.whl", hash = "sha256:e6776840aea3ff5ab6924b50117957da62db51b109b3b491c0d5817a804b1a8e"},
    {file = "time_machine-2.15.0-cp312-cp312-win32.whl", hash = "sha256:9479530e3fce65f6149058071fa4df8150025f15b43b103445f619842981a87c"},
    {file = "time_machine-2.15.0-cp312-cp312-win_amd64.whl", hash = "sha256:b5f3ab4185c1f72010846ca9fccb08349e23a2b52982a18d9870e848ce9f1c86"},
    {file = "time_machine-2.15.0-cp312-cp312-win_arm64.whl", hash = "sha256:c0473dfa8f17c6a9a250b2bd6a5b62af3aa7d22518f701649115f1085d5e35ab"},
    {file = "time_machine-2.15.0-cp313-cp313-macosx_10_13_universal2.whl", hash = "sha256:f50f10058b884d45cd8a50423bf561b1f9f9df7058abeb8b318700c8bcf4bb54"},
    {file = "time_machine-2.15.0-cp313-cp313-macosx_10_13_x86_64.whl", hash = "sha256:df6f618b98f0848fd8d07039541e10f23db679d8283f8719e870a98e1ef8e639"},
    {file = "time_machine-2.15.0-cp313-cp313-manylinux_2_17_aarch64.manylinux2014_aarch64.whl", hash = "sha256:52468a0784544eba708c0ae6bc5e8c5dcfd685495a60f7f74028662c984bd9cd"},
    {file = "time_machine-2.15.0-cp313-cp313-manylinux_2_5_i686.manylinux1_i686.manylinux_2_17_i686.manylinux2014_i686.whl", hash = "sha256:c08800c28160f4d32ca510128b4e201a43c813e7a2dd53178fa79ebe050eba13"},
    {file = "time_machine-2.15.0-cp313-cp313-manylinux_2_5_x86_64.manylinux1_x86_64.manylinux_2_17_x86_64.manylinux2014_x86_64.whl", hash = "sha256:65d395211736d9844537a530287a7c64b9fda1d353e899a0e1723986a0859154"},
    {file = "time_machine-2.15.0-cp313-cp313-musllinux_1_2_aarch64.whl", hash = "sha256:3b177d334a35bf2ce103bfe4e0e416e4ee824dd33386ea73fa7491c17cc61897"},
    {file = "time_machine-2.15.0-cp313-cp313-musllinux_1_2_i686.whl", hash = "sha256:9a6a9342fae113b12aab42c790880c549d9ba695b8deff27ee08096eedd67569"},
    {file = "time_machine-2.15.0-cp313-cp313-musllinux_1_2_x86_64.whl", hash = "sha256:bcbb25029ee8756f10c6473cea5ef21707a1d9a8752cdf29fad3a5f34aa4a313"},
    {file = "time_machine-2.15.0-cp313-cp313-win32.whl", hash = "sha256:29b988b1f09f2a083b12b6b054787b799ae91ee15bb0e9de3e48f880e4d68674"},
    {file = "time_machine-2.15.0-cp313-cp313-win_amd64.whl", hash = "sha256:d828721dcbcb94b904a6b25df67c2513ecd24cd9e36694f38b9f0fa71c7c6103"},
    {file = "time_machine-2.15.0-cp313-cp313-win_arm64.whl", hash = "sha256:008bd668d933b1a029c81805bcdc0132390c2545b103cf8e6709e3adbc37989d"},
    {file = "time_machine-2.15.0-cp38-cp38-macosx_10_9_universal2.whl", hash = "sha256:e99689f6c6b9ca6e2fc7a75d140e38c5a7985dab61fe1f4e506268f7e9844e05"},
    {file = "time_machine-2.15.0-cp38-cp38-macosx_10_9_x86_64.whl", hash = "sha256:671e88a6209a1cf415dc0f8c67d2b2d3b55b436cc63801a518f9800ebd752959"},
    {file = "time_machine-2.15.0-cp38-cp38-manylinux_2_17_aarch64.manylinux2014_aarch64.whl", hash = "sha256:0b2d28daf4cabc698aafb12135525d87dc1f2f893cbd29a8a6fe0d8d36d1342c"},
    {file = "time_machine-2.15.0-cp38-cp38-manylinux_2_5_i686.manylinux1_i686.manylinux_2_17_i686.manylinux2014_i686.whl", hash = "sha256:4cd9f057457d12604be18b623bcd5ae7d0b917ad66cb510ee1135d5f123666e2"},
    {file = "time_machine-2.15.0-cp38-cp38-manylinux_2_5_x86_64.manylinux1_x86_64.manylinux_2_17_x86_64.manylinux2014_x86_64.whl", hash = "sha256:97dc6793e512a62ba9eab250134a2e67372c16ae9948e73d27c2ef355356e2e1"},
    {file = "time_machine-2.15.0-cp38-cp38-musllinux_1_2_aarch64.whl", hash = "sha256:0630a32e9ebcf2fac3704365b31e271fef6eabd6fedfa404cd8dbd244f7fc84d"},
    {file = "time_machine-2.15.0-cp38-cp38-musllinux_1_2_i686.whl", hash = "sha256:617c9a92d8d8f60d5ef39e76596620503752a09f834a218e5b83be352fdd6c91"},
    {file = "time_machine-2.15.0-cp38-cp38-musllinux_1_2_x86_64.whl", hash = "sha256:3f7eadd820e792de33a9ec91f8178a2b9088e4e8b9a166953419ddc4ec5f7cfe"},
    {file = "time_machine-2.15.0-cp38-cp38-win32.whl", hash = "sha256:b7b647684eb2e1fd1e5e6b101249d5fe9d6117c117b5e336ad8dd75af48d2d1f"},
    {file = "time_machine-2.15.0-cp38-cp38-win_amd64.whl", hash = "sha256:b48abd7745caec1a78a16a048966cde14ff6ccb04d471a7201532648d3f77d14"},
    {file = "time_machine-2.15.0-cp39-cp39-macosx_10_9_universal2.whl", hash = "sha256:8c2b1c91b437133c672e374857eccb1dd2c2d9f8477ae3b35138382d5ef19846"},
    {file = "time_machine-2.15.0-cp39-cp39-macosx_10_9_x86_64.whl", hash = "sha256:79bf1ef6850182e09d86e61fa31717da56014a3b2234afb025fca1f2a43ac07b"},
    {file = "time_machine-2.15.0-cp39-cp39-manylinux_2_17_aarch64.manylinux2014_aarch64.whl", hash = "sha256:658ea8477fa020f08435fb7277635eb0b50cd5206b9d4cbe10e9a5466b01f855"},
    {file = "time_machine-2.15.0-cp39-cp39-manylinux_2_5_i686.manylinux1_i686.manylinux_2_17_i686.manylinux2014_i686.whl", hash = "sha256:c947135750d20f35acac290c34f1acf5771fc166a3fbc0e3816a97c756aaa5f5"},
    {file = "time_machine-2.15.0-cp39-cp39-manylinux_2_5_x86_64.manylinux1_x86_64.manylinux_2_17_x86_64.manylinux2014_x86_64.whl", hash = "sha256:1dee3a0dd1866988c49a5d00564404db9bcdf49ca92f9c4e8b6c99609d64e698"},
    {file = "time_machine-2.15.0-cp39-cp39-musllinux_1_2_aarch64.whl", hash = "sha256:c596920d6017702a36e3a43fd8110a84e87d6229f30b84bd5640cbae9b5145da"},
    {file = "time_machine-2.15.0-cp39-cp39-musllinux_1_2_i686.whl", hash = "sha256:014589d0edd4aa14f8d63985745565e8cbbe48461d6c004a96000b47f6b44e78"},
    {file = "time_machine-2.15.0-cp39-cp39-musllinux_1_2_x86_64.whl", hash = "sha256:5ff655716cd13a242eef8cf5d368074e8b396ff86508a5933e7cff4f2b3eb3c2"},
    {file = "time_machine-2.15.0-cp39-cp39-win32.whl", hash = "sha256:1168eebd7af7e6e3e2fd378c16ca917b97dd81c89a1f1f9e1daa985c81699d90"},
    {file = "time_machine-2.15.0-cp39-cp39-win_amd64.whl", hash = "sha256:c344eb09fcfbf71e5b5847d4f188fec98e1c3a976125ef571eac5f1c39e7a5e5"},
    {file = "time_machine-2.15.0-cp39-cp39-win_arm64.whl", hash = "sha256:899f1a856b3bebb82b6cbc3c0014834b583b83f246b28e462a031ec1b766130b"},
    {file = "time_machine-2.15.0.tar.gz", hash = "sha256:ebd2e63baa117ded04b978813fcd1279d3fc6be2149c9cac75c716b6f1db774c"},
]

[package.dependencies]
python-dateutil = "*"

[[package]]
name = "tox"
version = "4.20.0"
description = "tox is a generic virtualenv management and test command line tool"
optional = false
python-versions = ">=3.8"
files = [
    {file = "tox-4.20.0-py3-none-any.whl", hash = "sha256:21a8005e3d3fe5658a8e36b8ca3ed13a4230429063c5cc2a2fdac6ee5aa0de34"},
    {file = "tox-4.20.0.tar.gz", hash = "sha256:5b78a49b6eaaeab3ae4186415e7c97d524f762ae967c63562687c3e5f0ec23d5"},
]

[package.dependencies]
cachetools = ">=5.5"
chardet = ">=5.2"
colorama = ">=0.4.6"
filelock = ">=3.15.4"
packaging = ">=24.1"
platformdirs = ">=4.2.2"
pluggy = ">=1.5"
pyproject-api = ">=1.7.1"
virtualenv = ">=20.26.3"

[package.extras]
docs = ["furo (>=2024.8.6)", "sphinx (>=8.0.2)", "sphinx-argparse-cli (>=1.17)", "sphinx-autodoc-typehints (>=2.4)", "sphinx-copybutton (>=0.5.2)", "sphinx-inline-tabs (>=2023.4.21)", "sphinxcontrib-towncrier (>=0.2.1a0)", "towncrier (>=24.8)"]
testing = ["build[virtualenv] (>=1.2.2)", "covdefaults (>=2.3)", "detect-test-pollution (>=1.2)", "devpi-process (>=1)", "diff-cover (>=9.1.1)", "distlib (>=0.3.8)", "flaky (>=3.8.1)", "hatch-vcs (>=0.4)", "hatchling (>=1.25)", "psutil (>=6)", "pytest (>=8.3.2)", "pytest-cov (>=5)", "pytest-mock (>=3.14)", "pytest-xdist (>=3.6.1)", "re-assert (>=1.1)", "setuptools (>=74.1.2)", "time-machine (>=2.15)", "wheel (>=0.44)"]

[[package]]
name = "traitlets"
version = "5.14.3"
description = "Traitlets Python configuration system"
optional = false
python-versions = ">=3.8"
files = [
    {file = "traitlets-5.14.3-py3-none-any.whl", hash = "sha256:b74e89e397b1ed28cc831db7aea759ba6640cb3de13090ca145426688ff1ac4f"},
    {file = "traitlets-5.14.3.tar.gz", hash = "sha256:9ed0579d3502c94b4b3732ac120375cda96f923114522847de4b3bb98b96b6b7"},
]

[package.extras]
docs = ["myst-parser", "pydata-sphinx-theme", "sphinx"]
test = ["argcomplete (>=3.0.3)", "mypy (>=1.7.0)", "pre-commit", "pytest (>=7.0,<8.2)", "pytest-mock", "pytest-mypy-testing"]

[[package]]
name = "typing-extensions"
version = "4.12.2"
description = "Backported and Experimental Type Hints for Python 3.8+"
optional = false
python-versions = ">=3.8"
files = [
    {file = "typing_extensions-4.12.2-py3-none-any.whl", hash = "sha256:04e5ca0351e0f3f85c6853954072df659d0d13fac324d0072316b67d7794700d"},
    {file = "typing_extensions-4.12.2.tar.gz", hash = "sha256:1a7ead55c7e559dd4dee8856e3a88b41225abfe1ce8df57b7c13915fe121ffb8"},
]

[[package]]
name = "virtualenv"
version = "20.26.5"
description = "Virtual Python Environment builder"
optional = false
python-versions = ">=3.7"
files = [
    {file = "virtualenv-20.26.5-py3-none-any.whl", hash = "sha256:4f3ac17b81fba3ce3bd6f4ead2749a72da5929c01774948e243db9ba41df4ff6"},
    {file = "virtualenv-20.26.5.tar.gz", hash = "sha256:ce489cac131aa58f4b25e321d6d186171f78e6cb13fafbf32a840cee67733ff4"},
]

[package.dependencies]
distlib = ">=0.3.7,<1"
filelock = ">=3.12.2,<4"
platformdirs = ">=3.9.1,<5"

[package.extras]
docs = ["furo (>=2023.7.26)", "proselint (>=0.13)", "sphinx (>=7.1.2,!=7.3)", "sphinx-argparse (>=0.4)", "sphinxcontrib-towncrier (>=0.2.1a0)", "towncrier (>=23.6)"]
test = ["covdefaults (>=2.3)", "coverage (>=7.2.7)", "coverage-enable-subprocess (>=1)", "flaky (>=3.7)", "packaging (>=23.1)", "pytest (>=7.4)", "pytest-env (>=0.8.2)", "pytest-freezer (>=0.4.8)", "pytest-mock (>=3.11.1)", "pytest-randomly (>=3.12)", "pytest-timeout (>=2.1)", "setuptools (>=68)", "time-machine (>=2.10)"]

[[package]]
name = "wcwidth"
version = "0.2.13"
description = "Measures the displayed width of unicode strings in a terminal"
optional = false
python-versions = "*"
files = [
    {file = "wcwidth-0.2.13-py2.py3-none-any.whl", hash = "sha256:3da69048e4540d84af32131829ff948f1e022c1c6bdb8d6102117aac784f6859"},
    {file = "wcwidth-0.2.13.tar.gz", hash = "sha256:72ea0c06399eb286d978fdedb6923a9eb47e1c486ce63e9b4e64fc18303972b5"},
]

[metadata]
lock-version = "2.0"
python-versions = "^3.11,<3.12"
content-hash = "35b8600e1ee70813618494b5c5bddce3ed5b6d711c4d9782505474e3c0a82343"
